
Microsoft Visual Studio Solution File, Format Version 12.00
# Visual Studio Version 16
VisualStudioVersion = 16.0.32228.343
MinimumVisualStudioVersion = 10.0.40219.1
Project("{8BC9CEB8-8B4A-11D0-8D11-00A0C91BC942}") = "Processes", "Processes\Processes.vcxproj", "{2C7E5FCC-6DD5-41C8-AE97-6E4837048308}"
EndProject
Global
	GlobalSection(SolutionConfigurationPlatforms) = preSolution
		Debug|x64 = Debug|x64
		Debug|x86 = Debug|x86
		Release|x64 = Release|x64
		Release|x86 = Release|x86
	EndGlobalSection
	GlobalSection(ProjectConfigurationPlatforms) = postSolution
		{2C7E5FCC-6DD5-41C8-AE97-6E4837048308}.Debug|x64.ActiveCfg = Debug|x64
		{2C7E5FCC-6DD5-41C8-AE97-6E4837048308}.Debug|x64.Build.0 = Debug|x64
		{2C7E5FCC-6DD5-41C8-AE97-6E4837048308}.Debug|x86.ActiveCfg = Debug|Win32
		{2C7E5FCC-6DD5-41C8-AE97-6E4837048308}.Debug|x86.Build.0 = Debug|Win32
		{2C7E5FCC-6DD5-41C8-AE97-6E4837048308}.Release|x64.ActiveCfg = Release|x64
		{2C7E5FCC-6DD5-41C8-AE97-6E4837048308}.Release|x64.Build.0 = Release|x64
		{2C7E5FCC-6DD5-41C8-AE97-6E4837048308}.Release|x86.ActiveCfg = Release|Win32
		{2C7E5FCC-6DD5-41C8-AE97-6E4837048308}.Release|x86.Build.0 = Release|Win32
	EndGlobalSection
	GlobalSection(SolutionProperties) = preSolution
		HideSolutionNode = FALSE
	EndGlobalSection
	GlobalSection(ExtensibilityGlobals) = postSolution
		SolutionGuid = {1D36D9C3-48DF-46AA-85B5-A8E19B1C3D6A}
	EndGlobalSection
EndGlobal
